// !$*UTF8*$!
{
	archiveVersion = 1;
	classes = {
	};
	objectVersion = 55;
	objects = {

/* Begin PBXBuildFile section */
		A237FC8F27970A730029C0FE /* AppDelegate.swift in Sources */ = {isa = PBXBuildFile; fileRef = A237FC8E27970A730029C0FE /* AppDelegate.swift */; };
		A237FC9127970A730029C0FE /* SceneDelegate.swift in Sources */ = {isa = PBXBuildFile; fileRef = A237FC9027970A730029C0FE /* SceneDelegate.swift */; };
		A237FC9327970A730029C0FE /* MemoListViewController.swift in Sources */ = {isa = PBXBuildFile; fileRef = A237FC9227970A730029C0FE /* MemoListViewController.swift */; };
		A237FC9627970A730029C0FE /* Main.storyboard in Resources */ = {isa = PBXBuildFile; fileRef = A237FC9427970A730029C0FE /* Main.storyboard */; };
		A237FC9827970A740029C0FE /* Assets.xcassets in Resources */ = {isa = PBXBuildFile; fileRef = A237FC9727970A740029C0FE /* Assets.xcassets */; };
		A237FC9B27970A740029C0FE /* LaunchScreen.storyboard in Resources */ = {isa = PBXBuildFile; fileRef = A237FC9927970A740029C0FE /* LaunchScreen.storyboard */; };
		A237FCA527970FAF0029C0FE /* FloatingPanel in Frameworks */ = {isa = PBXBuildFile; productRef = A237FCA427970FAF0029C0FE /* FloatingPanel */; };
		A237FCA72797F6C90029C0FE /* MemoEditViewController.swift in Sources */ = {isa = PBXBuildFile; fileRef = A237FCA62797F6C90029C0FE /* MemoEditViewController.swift */; };
		A237FCAA279803070029C0FE /* Realm in Frameworks */ = {isa = PBXBuildFile; productRef = A237FCA9279803070029C0FE /* Realm */; };
		A237FCAC279803070029C0FE /* RealmSwift in Frameworks */ = {isa = PBXBuildFile; productRef = A237FCAB279803070029C0FE /* RealmSwift */; };
		A237FCAE279803940029C0FE /* MemoModel.swift in Sources */ = {isa = PBXBuildFile; fileRef = A237FCAD279803940029C0FE /* MemoModel.swift */; };
		A237FCB1279804AB0029C0FE /* MemoListTableViewCell.swift in Sources */ = {isa = PBXBuildFile; fileRef = A237FCAF279804AB0029C0FE /* MemoListTableViewCell.swift */; };
		A237FCB2279804AB0029C0FE /* MemoListTableViewCell.xib in Resources */ = {isa = PBXBuildFile; fileRef = A237FCB0279804AB0029C0FE /* MemoListTableViewCell.xib */; };
		A269BA9127A53523006944FC /* WidgetKit.framework in Frameworks */ = {isa = PBXBuildFile; fileRef = A269BA4B27A52869006944FC /* WidgetKit.framework */; };
		A269BA9227A53523006944FC /* SwiftUI.framework in Frameworks */ = {isa = PBXBuildFile; fileRef = A269BA4D27A52869006944FC /* SwiftUI.framework */; };
		A269BA9527A53523006944FC /* MemoWidget.swift in Sources */ = {isa = PBXBuildFile; fileRef = A269BA9427A53523006944FC /* MemoWidget.swift */; };
		A269BA9827A53524006944FC /* Assets.xcassets in Resources */ = {isa = PBXBuildFile; fileRef = A269BA9727A53524006944FC /* Assets.xcassets */; };
		A269BA9A27A53524006944FC /* MemoWidget.intentdefinition in Sources */ = {isa = PBXBuildFile; fileRef = A269BA9627A53523006944FC /* MemoWidget.intentdefinition */; };
		A269BA9B27A53524006944FC /* MemoWidget.intentdefinition in Sources */ = {isa = PBXBuildFile; fileRef = A269BA9627A53523006944FC /* MemoWidget.intentdefinition */; };
		A269BA9E27A53524006944FC /* MemoWidgetExtension.appex in Embed App Extensions */ = {isa = PBXBuildFile; fileRef = A269BA9027A53523006944FC /* MemoWidgetExtension.appex */; settings = {ATTRIBUTES = (RemoveHeadersOnCopy, ); }; };
		A269BAA327A5353C006944FC /* FloatingPanel in Frameworks */ = {isa = PBXBuildFile; productRef = A269BAA227A5353C006944FC /* FloatingPanel */; };
		A269BAA527A5353C006944FC /* Realm in Frameworks */ = {isa = PBXBuildFile; productRef = A269BAA427A5353C006944FC /* Realm */; };
		A269BAA727A5353C006944FC /* RealmSwift in Frameworks */ = {isa = PBXBuildFile; productRef = A269BAA627A5353C006944FC /* RealmSwift */; };
		A269BAB127A537F4006944FC /* Intents.framework in Frameworks */ = {isa = PBXBuildFile; fileRef = A269BAB027A537F4006944FC /* Intents.framework */; };
		A269BAB427A537F4006944FC /* IntentHandler.swift in Sources */ = {isa = PBXBuildFile; fileRef = A269BAB327A537F4006944FC /* IntentHandler.swift */; };
		A269BAB827A537F4006944FC /* MemoIntents.appex in Embed App Extensions */ = {isa = PBXBuildFile; fileRef = A269BAAF27A537F4006944FC /* MemoIntents.appex */; settings = {ATTRIBUTES = (RemoveHeadersOnCopy, ); }; };
		A269BABC27A537FE006944FC /* IntentHandler.swift in Sources */ = {isa = PBXBuildFile; fileRef = A269BAB327A537F4006944FC /* IntentHandler.swift */; };
		A269BABD27A53811006944FC /* MemoWidget.intentdefinition in Sources */ = {isa = PBXBuildFile; fileRef = A269BA9627A53523006944FC /* MemoWidget.intentdefinition */; };
/* End PBXBuildFile section */

/* Begin PBXContainerItemProxy section */
		A269BA9C27A53524006944FC /* PBXContainerItemProxy */ = {
			isa = PBXContainerItemProxy;
			containerPortal = A237FC8327970A730029C0FE /* Project object */;
			proxyType = 1;
			remoteGlobalIDString = A269BA8F27A53523006944FC;
			remoteInfo = MemoWidgetExtension;
		};
		A269BAB627A537F4006944FC /* PBXContainerItemProxy */ = {
			isa = PBXContainerItemProxy;
			containerPortal = A237FC8327970A730029C0FE /* Project object */;
			proxyType = 1;
			remoteGlobalIDString = A269BAAE27A537F4006944FC;
			remoteInfo = MemoIntents;
		};
/* End PBXContainerItemProxy section */

/* Begin PBXCopyFilesBuildPhase section */
		A269BA5827A5286A006944FC /* Embed App Extensions */ = {
			isa = PBXCopyFilesBuildPhase;
			buildActionMask = 2147483647;
			dstPath = "";
			dstSubfolderSpec = 13;
			files = (
				A269BAB827A537F4006944FC /* MemoIntents.appex in Embed App Extensions */,
				A269BA9E27A53524006944FC /* MemoWidgetExtension.appex in Embed App Extensions */,
			);
			name = "Embed App Extensions";
			runOnlyForDeploymentPostprocessing = 0;
		};
/* End PBXCopyFilesBuildPhase section */

/* Begin PBXFileReference section */
		A237FC8B27970A730029C0FE /* SakuMemo.app */ = {isa = PBXFileReference; explicitFileType = wrapper.application; includeInIndex = 0; path = SakuMemo.app; sourceTree = BUILT_PRODUCTS_DIR; };
		A237FC8E27970A730029C0FE /* AppDelegate.swift */ = {isa = PBXFileReference; lastKnownFileType = sourcecode.swift; path = AppDelegate.swift; sourceTree = "<group>"; };
		A237FC9027970A730029C0FE /* SceneDelegate.swift */ = {isa = PBXFileReference; lastKnownFileType = sourcecode.swift; path = SceneDelegate.swift; sourceTree = "<group>"; };
		A237FC9227970A730029C0FE /* MemoListViewController.swift */ = {isa = PBXFileReference; lastKnownFileType = sourcecode.swift; path = MemoListViewController.swift; sourceTree = "<group>"; };
		A237FC9527970A730029C0FE /* Base */ = {isa = PBXFileReference; lastKnownFileType = file.storyboard; name = Base; path = Base.lproj/Main.storyboard; sourceTree = "<group>"; };
		A237FC9727970A740029C0FE /* Assets.xcassets */ = {isa = PBXFileReference; lastKnownFileType = folder.assetcatalog; path = Assets.xcassets; sourceTree = "<group>"; };
		A237FC9A27970A740029C0FE /* Base */ = {isa = PBXFileReference; lastKnownFileType = file.storyboard; name = Base; path = Base.lproj/LaunchScreen.storyboard; sourceTree = "<group>"; };
		A237FC9C27970A740029C0FE /* Info.plist */ = {isa = PBXFileReference; lastKnownFileType = text.plist.xml; path = Info.plist; sourceTree = "<group>"; };
		A237FCA62797F6C90029C0FE /* MemoEditViewController.swift */ = {isa = PBXFileReference; lastKnownFileType = sourcecode.swift; path = MemoEditViewController.swift; sourceTree = "<group>"; };
		A237FCAD279803940029C0FE /* MemoModel.swift */ = {isa = PBXFileReference; lastKnownFileType = sourcecode.swift; path = MemoModel.swift; sourceTree = "<group>"; };
		A237FCAF279804AB0029C0FE /* MemoListTableViewCell.swift */ = {isa = PBXFileReference; lastKnownFileType = sourcecode.swift; path = MemoListTableViewCell.swift; sourceTree = "<group>"; };
		A237FCB0279804AB0029C0FE /* MemoListTableViewCell.xib */ = {isa = PBXFileReference; lastKnownFileType = file.xib; path = MemoListTableViewCell.xib; sourceTree = "<group>"; };
		A269BA4B27A52869006944FC /* WidgetKit.framework */ = {isa = PBXFileReference; lastKnownFileType = wrapper.framework; name = WidgetKit.framework; path = System/Library/Frameworks/WidgetKit.framework; sourceTree = SDKROOT; };
		A269BA4D27A52869006944FC /* SwiftUI.framework */ = {isa = PBXFileReference; lastKnownFileType = wrapper.framework; name = SwiftUI.framework; path = System/Library/Frameworks/SwiftUI.framework; sourceTree = SDKROOT; };
		A269BA9027A53523006944FC /* MemoWidgetExtension.appex */ = {isa = PBXFileReference; explicitFileType = "wrapper.app-extension"; includeInIndex = 0; path = MemoWidgetExtension.appex; sourceTree = BUILT_PRODUCTS_DIR; };
		A269BA9427A53523006944FC /* MemoWidget.swift */ = {isa = PBXFileReference; lastKnownFileType = sourcecode.swift; path = MemoWidget.swift; sourceTree = "<group>"; };
		A269BA9627A53523006944FC /* MemoWidget.intentdefinition */ = {isa = PBXFileReference; lastKnownFileType = file.intentdefinition; path = MemoWidget.intentdefinition; sourceTree = "<group>"; };
		A269BA9727A53524006944FC /* Assets.xcassets */ = {isa = PBXFileReference; lastKnownFileType = folder.assetcatalog; path = Assets.xcassets; sourceTree = "<group>"; };
		A269BA9927A53524006944FC /* Info.plist */ = {isa = PBXFileReference; lastKnownFileType = text.plist.xml; path = Info.plist; sourceTree = "<group>"; };
		A269BAAF27A537F4006944FC /* MemoIntents.appex */ = {isa = PBXFileReference; explicitFileType = "wrapper.app-extension"; includeInIndex = 0; path = MemoIntents.appex; sourceTree = BUILT_PRODUCTS_DIR; };
		A269BAB027A537F4006944FC /* Intents.framework */ = {isa = PBXFileReference; lastKnownFileType = wrapper.framework; name = Intents.framework; path = System/Library/Frameworks/Intents.framework; sourceTree = SDKROOT; };
		A269BAB327A537F4006944FC /* IntentHandler.swift */ = {isa = PBXFileReference; lastKnownFileType = sourcecode.swift; path = IntentHandler.swift; sourceTree = "<group>"; };
		A269BAB527A537F4006944FC /* Info.plist */ = {isa = PBXFileReference; lastKnownFileType = text.plist.xml; path = Info.plist; sourceTree = "<group>"; };
/* End PBXFileReference section */

/* Begin PBXFrameworksBuildPhase section */
		A237FC8827970A730029C0FE /* Frameworks */ = {
			isa = PBXFrameworksBuildPhase;
			buildActionMask = 2147483647;
			files = (
				A237FCAC279803070029C0FE /* RealmSwift in Frameworks */,
				A237FCAA279803070029C0FE /* Realm in Frameworks */,
				A237FCA527970FAF0029C0FE /* FloatingPanel in Frameworks */,
			);
			runOnlyForDeploymentPostprocessing = 0;
		};
		A269BA8D27A53523006944FC /* Frameworks */ = {
			isa = PBXFrameworksBuildPhase;
			buildActionMask = 2147483647;
			files = (
				A269BAA327A5353C006944FC /* FloatingPanel in Frameworks */,
				A269BA9227A53523006944FC /* SwiftUI.framework in Frameworks */,
				A269BAA527A5353C006944FC /* Realm in Frameworks */,
				A269BAA727A5353C006944FC /* RealmSwift in Frameworks */,
				A269BA9127A53523006944FC /* WidgetKit.framework in Frameworks */,
			);
			runOnlyForDeploymentPostprocessing = 0;
		};
		A269BAAC27A537F4006944FC /* Frameworks */ = {
			isa = PBXFrameworksBuildPhase;
			buildActionMask = 2147483647;
			files = (
				A269BAB127A537F4006944FC /* Intents.framework in Frameworks */,
			);
			runOnlyForDeploymentPostprocessing = 0;
		};
/* End PBXFrameworksBuildPhase section */

/* Begin PBXGroup section */
		A237FC8227970A730029C0FE = {
			isa = PBXGroup;
			children = (
				A237FC8D27970A730029C0FE /* SakuMemo */,
				A269BA9327A53523006944FC /* MemoWidget */,
				A269BAB227A537F4006944FC /* MemoIntents */,
				A269BA4A27A52869006944FC /* Frameworks */,
				A237FC8C27970A730029C0FE /* Products */,
			);
			sourceTree = "<group>";
		};
		A237FC8C27970A730029C0FE /* Products */ = {
			isa = PBXGroup;
			children = (
				A237FC8B27970A730029C0FE /* SakuMemo.app */,
				A269BA9027A53523006944FC /* MemoWidgetExtension.appex */,
				A269BAAF27A537F4006944FC /* MemoIntents.appex */,
			);
			name = Products;
			sourceTree = "<group>";
		};
		A237FC8D27970A730029C0FE /* SakuMemo */ = {
			isa = PBXGroup;
			children = (
				A237FC8E27970A730029C0FE /* AppDelegate.swift */,
				A237FC9027970A730029C0FE /* SceneDelegate.swift */,
				A237FCAD279803940029C0FE /* MemoModel.swift */,
				A237FCAF279804AB0029C0FE /* MemoListTableViewCell.swift */,
				A237FCB0279804AB0029C0FE /* MemoListTableViewCell.xib */,
				A237FC9227970A730029C0FE /* MemoListViewController.swift */,
				A237FCA62797F6C90029C0FE /* MemoEditViewController.swift */,
				A237FC9427970A730029C0FE /* Main.storyboard */,
				A237FC9727970A740029C0FE /* Assets.xcassets */,
				A237FC9927970A740029C0FE /* LaunchScreen.storyboard */,
				A237FC9C27970A740029C0FE /* Info.plist */,
			);
			path = SakuMemo;
			sourceTree = "<group>";
		};
		A269BA4A27A52869006944FC /* Frameworks */ = {
			isa = PBXGroup;
			children = (
				A269BA4B27A52869006944FC /* WidgetKit.framework */,
				A269BA4D27A52869006944FC /* SwiftUI.framework */,
				A269BAB027A537F4006944FC /* Intents.framework */,
			);
			name = Frameworks;
			sourceTree = "<group>";
		};
		A269BA9327A53523006944FC /* MemoWidget */ = {
			isa = PBXGroup;
			children = (
				A269BA9427A53523006944FC /* MemoWidget.swift */,
				A269BA9627A53523006944FC /* MemoWidget.intentdefinition */,
				A269BA9727A53524006944FC /* Assets.xcassets */,
				A269BA9927A53524006944FC /* Info.plist */,
			);
			path = MemoWidget;
			sourceTree = "<group>";
		};
		A269BAB227A537F4006944FC /* MemoIntents */ = {
			isa = PBXGroup;
			children = (
				A269BAB327A537F4006944FC /* IntentHandler.swift */,
				A269BAB527A537F4006944FC /* Info.plist */,
			);
			path = MemoIntents;
			sourceTree = "<group>";
		};
/* End PBXGroup section */

/* Begin PBXNativeTarget section */
		A237FC8A27970A730029C0FE /* SakuMemo */ = {
			isa = PBXNativeTarget;
			buildConfigurationList = A237FC9F27970A740029C0FE /* Build configuration list for PBXNativeTarget "SakuMemo" */;
			buildPhases = (
				A237FC8727970A730029C0FE /* Sources */,
				A237FC8827970A730029C0FE /* Frameworks */,
				A237FC8927970A730029C0FE /* Resources */,
				A237FCA227970E650029C0FE /* ShellScript */,
				A269BA5827A5286A006944FC /* Embed App Extensions */,
			);
			buildRules = (
			);
			dependencies = (
				A269BA9D27A53524006944FC /* PBXTargetDependency */,
				A269BAB727A537F4006944FC /* PBXTargetDependency */,
			);
			name = SakuMemo;
			packageProductDependencies = (
				A237FCA427970FAF0029C0FE /* FloatingPanel */,
				A237FCA9279803070029C0FE /* Realm */,
				A237FCAB279803070029C0FE /* RealmSwift */,
			);
			productName = SakuMemo;
			productReference = A237FC8B27970A730029C0FE /* SakuMemo.app */;
			productType = "com.apple.product-type.application";
		};
		A269BA8F27A53523006944FC /* MemoWidgetExtension */ = {
			isa = PBXNativeTarget;
			buildConfigurationList = A269BA9F27A53524006944FC /* Build configuration list for PBXNativeTarget "MemoWidgetExtension" */;
			buildPhases = (
				A269BA8C27A53523006944FC /* Sources */,
				A269BA8D27A53523006944FC /* Frameworks */,
				A269BA8E27A53523006944FC /* Resources */,
			);
			buildRules = (
			);
			dependencies = (
			);
			name = MemoWidgetExtension;
			packageProductDependencies = (
				A269BAA227A5353C006944FC /* FloatingPanel */,
				A269BAA427A5353C006944FC /* Realm */,
				A269BAA627A5353C006944FC /* RealmSwift */,
			);
			productName = MemoWidgetExtension;
			productReference = A269BA9027A53523006944FC /* MemoWidgetExtension.appex */;
			productType = "com.apple.product-type.app-extension";
		};
		A269BAAE27A537F4006944FC /* MemoIntents */ = {
			isa = PBXNativeTarget;
			buildConfigurationList = A269BAB927A537F4006944FC /* Build configuration list for PBXNativeTarget "MemoIntents" */;
			buildPhases = (
				A269BAAB27A537F4006944FC /* Sources */,
				A269BAAC27A537F4006944FC /* Frameworks */,
				A269BAAD27A537F4006944FC /* Resources */,
			);
			buildRules = (
			);
			dependencies = (
			);
			name = MemoIntents;
			productName = MemoIntents;
			productReference = A269BAAF27A537F4006944FC /* MemoIntents.appex */;
			productType = "com.apple.product-type.app-extension";
		};
/* End PBXNativeTarget section */

/* Begin PBXProject section */
		A237FC8327970A730029C0FE /* Project object */ = {
			isa = PBXProject;
			attributes = {
				BuildIndependentTargetsInParallel = 1;
				LastSwiftUpdateCheck = 1320;
				LastUpgradeCheck = 1320;
				TargetAttributes = {
					A237FC8A27970A730029C0FE = {
						CreatedOnToolsVersion = 13.2.1;
					};
					A269BA8F27A53523006944FC = {
						CreatedOnToolsVersion = 13.2.1;
					};
					A269BAAE27A537F4006944FC = {
						CreatedOnToolsVersion = 13.2.1;
					};
				};
			};
			buildConfigurationList = A237FC8627970A730029C0FE /* Build configuration list for PBXProject "SakuMemo" */;
			compatibilityVersion = "Xcode 13.0";
			developmentRegion = en;
			hasScannedForEncodings = 0;
			knownRegions = (
				en,
				Base,
			);
			mainGroup = A237FC8227970A730029C0FE;
			packageReferences = (
				A237FCA327970FAF0029C0FE /* XCRemoteSwiftPackageReference "FloatingPanel" */,
				A237FCA8279803070029C0FE /* XCRemoteSwiftPackageReference "realm-swift" */,
			);
			productRefGroup = A237FC8C27970A730029C0FE /* Products */;
			projectDirPath = "";
			projectRoot = "";
			targets = (
				A237FC8A27970A730029C0FE /* SakuMemo */,
				A269BA8F27A53523006944FC /* MemoWidgetExtension */,
				A269BAAE27A537F4006944FC /* MemoIntents */,
			);
		};
/* End PBXProject section */

/* Begin PBXResourcesBuildPhase section */
		A237FC8927970A730029C0FE /* Resources */ = {
			isa = PBXResourcesBuildPhase;
			buildActionMask = 2147483647;
			files = (
				A237FC9B27970A740029C0FE /* LaunchScreen.storyboard in Resources */,
				A237FC9827970A740029C0FE /* Assets.xcassets in Resources */,
				A237FC9627970A730029C0FE /* Main.storyboard in Resources */,
				A237FCB2279804AB0029C0FE /* MemoListTableViewCell.xib in Resources */,
			);
			runOnlyForDeploymentPostprocessing = 0;
		};
		A269BA8E27A53523006944FC /* Resources */ = {
			isa = PBXResourcesBuildPhase;
			buildActionMask = 2147483647;
			files = (
				A269BA9827A53524006944FC /* Assets.xcassets in Resources */,
			);
			runOnlyForDeploymentPostprocessing = 0;
		};
		A269BAAD27A537F4006944FC /* Resources */ = {
			isa = PBXResourcesBuildPhase;
			buildActionMask = 2147483647;
			files = (
			);
			runOnlyForDeploymentPostprocessing = 0;
		};
/* End PBXResourcesBuildPhase section */

/* Begin PBXShellScriptBuildPhase section */
		A237FCA227970E650029C0FE /* ShellScript */ = {
			isa = PBXShellScriptBuildPhase;
			buildActionMask = 2147483647;
			files = (
			);
			inputFileListPaths = (
			);
			inputPaths = (
			);
			outputFileListPaths = (
			);
			outputPaths = (
			);
			runOnlyForDeploymentPostprocessing = 0;
			shellPath = /bin/sh;
			shellScript = "if which swiftlint >/dev/null; then\n  swiftlint\nelse\n  echo \"warning: SwiftLint not installed, download from https://github.com/realm/SwiftLint\"\nfi\n";
		};
/* End PBXShellScriptBuildPhase section */

/* Begin PBXSourcesBuildPhase section */
		A237FC8727970A730029C0FE /* Sources */ = {
			isa = PBXSourcesBuildPhase;
			buildActionMask = 2147483647;
			files = (
				A269BA9B27A53524006944FC /* MemoWidget.intentdefinition in Sources */,
				A237FCAE279803940029C0FE /* MemoModel.swift in Sources */,
				A237FCB1279804AB0029C0FE /* MemoListTableViewCell.swift in Sources */,
				A237FC9327970A730029C0FE /* MemoListViewController.swift in Sources */,
				A237FC8F27970A730029C0FE /* AppDelegate.swift in Sources */,
				A237FCA72797F6C90029C0FE /* MemoEditViewController.swift in Sources */,
				A237FC9127970A730029C0FE /* SceneDelegate.swift in Sources */,
			);
			runOnlyForDeploymentPostprocessing = 0;
		};
		A269BA8C27A53523006944FC /* Sources */ = {
			isa = PBXSourcesBuildPhase;
			buildActionMask = 2147483647;
			files = (
				A269BA9A27A53524006944FC /* MemoWidget.intentdefinition in Sources */,
				A269BABC27A537FE006944FC /* IntentHandler.swift in Sources */,
				A269BA9527A53523006944FC /* MemoWidget.swift in Sources */,
			);
			runOnlyForDeploymentPostprocessing = 0;
		};
		A269BAAB27A537F4006944FC /* Sources */ = {
			isa = PBXSourcesBuildPhase;
			buildActionMask = 2147483647;
			files = (
				A269BABD27A53811006944FC /* MemoWidget.intentdefinition in Sources */,
				A269BAB427A537F4006944FC /* IntentHandler.swift in Sources */,
			);
			runOnlyForDeploymentPostprocessing = 0;
		};
/* End PBXSourcesBuildPhase section */

/* Begin PBXTargetDependency section */
		A269BA9D27A53524006944FC /* PBXTargetDependency */ = {
			isa = PBXTargetDependency;
			target = A269BA8F27A53523006944FC /* MemoWidgetExtension */;
			targetProxy = A269BA9C27A53524006944FC /* PBXContainerItemProxy */;
		};
		A269BAB727A537F4006944FC /* PBXTargetDependency */ = {
			isa = PBXTargetDependency;
			target = A269BAAE27A537F4006944FC /* MemoIntents */;
			targetProxy = A269BAB627A537F4006944FC /* PBXContainerItemProxy */;
		};
/* End PBXTargetDependency section */

/* Begin PBXVariantGroup section */
		A237FC9427970A730029C0FE /* Main.storyboard */ = {
			isa = PBXVariantGroup;
			children = (
				A237FC9527970A730029C0FE /* Base */,
			);
			name = Main.storyboard;
			sourceTree = "<group>";
		};
		A237FC9927970A740029C0FE /* LaunchScreen.storyboard */ = {
			isa = PBXVariantGroup;
			children = (
				A237FC9A27970A740029C0FE /* Base */,
			);
			name = LaunchScreen.storyboard;
			sourceTree = "<group>";
		};
/* End PBXVariantGroup section */

/* Begin XCBuildConfiguration section */
		A237FC9D27970A740029C0FE /* Debug */ = {
			isa = XCBuildConfiguration;
			buildSettings = {
				ALWAYS_SEARCH_USER_PATHS = NO;
				CLANG_ANALYZER_NONNULL = YES;
				CLANG_ANALYZER_NUMBER_OBJECT_CONVERSION = YES_AGGRESSIVE;
				CLANG_CXX_LANGUAGE_STANDARD = "gnu++17";
				CLANG_CXX_LIBRARY = "libc++";
				CLANG_ENABLE_MODULES = YES;
				CLANG_ENABLE_OBJC_ARC = YES;
				CLANG_ENABLE_OBJC_WEAK = YES;
				CLANG_WARN_BLOCK_CAPTURE_AUTORELEASING = YES;
				CLANG_WARN_BOOL_CONVERSION = YES;
				CLANG_WARN_COMMA = YES;
				CLANG_WARN_CONSTANT_CONVERSION = YES;
				CLANG_WARN_DEPRECATED_OBJC_IMPLEMENTATIONS = YES;
				CLANG_WARN_DIRECT_OBJC_ISA_USAGE = YES_ERROR;
				CLANG_WARN_DOCUMENTATION_COMMENTS = YES;
				CLANG_WARN_EMPTY_BODY = YES;
				CLANG_WARN_ENUM_CONVERSION = YES;
				CLANG_WARN_INFINITE_RECURSION = YES;
				CLANG_WARN_INT_CONVERSION = YES;
				CLANG_WARN_NON_LITERAL_NULL_CONVERSION = YES;
				CLANG_WARN_OBJC_IMPLICIT_RETAIN_SELF = YES;
				CLANG_WARN_OBJC_LITERAL_CONVERSION = YES;
				CLANG_WARN_OBJC_ROOT_CLASS = YES_ERROR;
				CLANG_WARN_QUOTED_INCLUDE_IN_FRAMEWORK_HEADER = YES;
				CLANG_WARN_RANGE_LOOP_ANALYSIS = YES;
				CLANG_WARN_STRICT_PROTOTYPES = YES;
				CLANG_WARN_SUSPICIOUS_MOVE = YES;
				CLANG_WARN_UNGUARDED_AVAILABILITY = YES_AGGRESSIVE;
				CLANG_WARN_UNREACHABLE_CODE = YES;
				CLANG_WARN__DUPLICATE_METHOD_MATCH = YES;
				COPY_PHASE_STRIP = NO;
				DEBUG_INFORMATION_FORMAT = dwarf;
				ENABLE_STRICT_OBJC_MSGSEND = YES;
				ENABLE_TESTABILITY = YES;
				GCC_C_LANGUAGE_STANDARD = gnu11;
				GCC_DYNAMIC_NO_PIC = NO;
				GCC_NO_COMMON_BLOCKS = YES;
				GCC_OPTIMIZATION_LEVEL = 0;
				GCC_PREPROCESSOR_DEFINITIONS = (
					"DEBUG=1",
					"$(inherited)",
				);
				GCC_WARN_64_TO_32_BIT_CONVERSION = YES;
				GCC_WARN_ABOUT_RETURN_TYPE = YES_ERROR;
				GCC_WARN_UNDECLARED_SELECTOR = YES;
				GCC_WARN_UNINITIALIZED_AUTOS = YES_AGGRESSIVE;
				GCC_WARN_UNUSED_FUNCTION = YES;
				GCC_WARN_UNUSED_VARIABLE = YES;
				IPHONEOS_DEPLOYMENT_TARGET = 15.2;
				MTL_ENABLE_DEBUG_INFO = INCLUDE_SOURCE;
				MTL_FAST_MATH = YES;
				ONLY_ACTIVE_ARCH = YES;
				SDKROOT = iphoneos;
				SWIFT_ACTIVE_COMPILATION_CONDITIONS = DEBUG;
				SWIFT_OPTIMIZATION_LEVEL = "-Onone";
			};
			name = Debug;
		};
		A237FC9E27970A740029C0FE /* Release */ = {
			isa = XCBuildConfiguration;
			buildSettings = {
				ALWAYS_SEARCH_USER_PATHS = NO;
				CLANG_ANALYZER_NONNULL = YES;
				CLANG_ANALYZER_NUMBER_OBJECT_CONVERSION = YES_AGGRESSIVE;
				CLANG_CXX_LANGUAGE_STANDARD = "gnu++17";
				CLANG_CXX_LIBRARY = "libc++";
				CLANG_ENABLE_MODULES = YES;
				CLANG_ENABLE_OBJC_ARC = YES;
				CLANG_ENABLE_OBJC_WEAK = YES;
				CLANG_WARN_BLOCK_CAPTURE_AUTORELEASING = YES;
				CLANG_WARN_BOOL_CONVERSION = YES;
				CLANG_WARN_COMMA = YES;
				CLANG_WARN_CONSTANT_CONVERSION = YES;
				CLANG_WARN_DEPRECATED_OBJC_IMPLEMENTATIONS = YES;
				CLANG_WARN_DIRECT_OBJC_ISA_USAGE = YES_ERROR;
				CLANG_WARN_DOCUMENTATION_COMMENTS = YES;
				CLANG_WARN_EMPTY_BODY = YES;
				CLANG_WARN_ENUM_CONVERSION = YES;
				CLANG_WARN_INFINITE_RECURSION = YES;
				CLANG_WARN_INT_CONVERSION = YES;
				CLANG_WARN_NON_LITERAL_NULL_CONVERSION = YES;
				CLANG_WARN_OBJC_IMPLICIT_RETAIN_SELF = YES;
				CLANG_WARN_OBJC_LITERAL_CONVERSION = YES;
				CLANG_WARN_OBJC_ROOT_CLASS = YES_ERROR;
				CLANG_WARN_QUOTED_INCLUDE_IN_FRAMEWORK_HEADER = YES;
				CLANG_WARN_RANGE_LOOP_ANALYSIS = YES;
				CLANG_WARN_STRICT_PROTOTYPES = YES;
				CLANG_WARN_SUSPICIOUS_MOVE = YES;
				CLANG_WARN_UNGUARDED_AVAILABILITY = YES_AGGRESSIVE;
				CLANG_WARN_UNREACHABLE_CODE = YES;
				CLANG_WARN__DUPLICATE_METHOD_MATCH = YES;
				COPY_PHASE_STRIP = NO;
				DEBUG_INFORMATION_FORMAT = "dwarf-with-dsym";
				ENABLE_NS_ASSERTIONS = NO;
				ENABLE_STRICT_OBJC_MSGSEND = YES;
				GCC_C_LANGUAGE_STANDARD = gnu11;
				GCC_NO_COMMON_BLOCKS = YES;
				GCC_WARN_64_TO_32_BIT_CONVERSION = YES;
				GCC_WARN_ABOUT_RETURN_TYPE = YES_ERROR;
				GCC_WARN_UNDECLARED_SELECTOR = YES;
				GCC_WARN_UNINITIALIZED_AUTOS = YES_AGGRESSIVE;
				GCC_WARN_UNUSED_FUNCTION = YES;
				GCC_WARN_UNUSED_VARIABLE = YES;
				IPHONEOS_DEPLOYMENT_TARGET = 15.2;
				MTL_ENABLE_DEBUG_INFO = NO;
				MTL_FAST_MATH = YES;
				SDKROOT = iphoneos;
				SWIFT_COMPILATION_MODE = wholemodule;
				SWIFT_OPTIMIZATION_LEVEL = "-O";
				VALIDATE_PRODUCT = YES;
			};
			name = Release;
		};
		A237FCA027970A740029C0FE /* Debug */ = {
			isa = XCBuildConfiguration;
			buildSettings = {
				ALWAYS_EMBED_SWIFT_STANDARD_LIBRARIES = YES;
				ASSETCATALOG_COMPILER_APPICON_NAME = AppIcon;
				ASSETCATALOG_COMPILER_GLOBAL_ACCENT_COLOR_NAME = AccentColor;
				CODE_SIGN_STYLE = Automatic;
				CURRENT_PROJECT_VERSION = 1;
				DEVELOPMENT_TEAM = B7VAC4V7M7;
				GENERATE_INFOPLIST_FILE = YES;
				INFOPLIST_FILE = SakuMemo/Info.plist;
				INFOPLIST_KEY_UIApplicationSupportsIndirectInputEvents = YES;
				INFOPLIST_KEY_UILaunchStoryboardName = LaunchScreen;
				INFOPLIST_KEY_UIMainStoryboardFile = Main;
				INFOPLIST_KEY_UISupportedInterfaceOrientations_iPad = "UIInterfaceOrientationPortrait UIInterfaceOrientationPortraitUpsideDown UIInterfaceOrientationLandscapeLeft UIInterfaceOrientationLandscapeRight";
				INFOPLIST_KEY_UISupportedInterfaceOrientations_iPhone = "UIInterfaceOrientationPortrait UIInterfaceOrientationLandscapeLeft UIInterfaceOrientationLandscapeRight";
				LD_RUNPATH_SEARCH_PATHS = (
					"$(inherited)",
					"@executable_path/Frameworks",
				);
				MARKETING_VERSION = 1.0;
				PRODUCT_BUNDLE_IDENTIFIER = nekokichi.SakuMemo;
				PRODUCT_NAME = "$(TARGET_NAME)";
				SWIFT_EMIT_LOC_STRINGS = YES;
				SWIFT_VERSION = 5.0;
				TARGETED_DEVICE_FAMILY = "1,2";
			};
			name = Debug;
		};
		A237FCA127970A740029C0FE /* Release */ = {
			isa = XCBuildConfiguration;
			buildSettings = {
				ALWAYS_EMBED_SWIFT_STANDARD_LIBRARIES = YES;
				ASSETCATALOG_COMPILER_APPICON_NAME = AppIcon;
				ASSETCATALOG_COMPILER_GLOBAL_ACCENT_COLOR_NAME = AccentColor;
				CODE_SIGN_STYLE = Automatic;
				CURRENT_PROJECT_VERSION = 1;
				DEVELOPMENT_TEAM = B7VAC4V7M7;
				GENERATE_INFOPLIST_FILE = YES;
				INFOPLIST_FILE = SakuMemo/Info.plist;
				INFOPLIST_KEY_UIApplicationSupportsIndirectInputEvents = YES;
				INFOPLIST_KEY_UILaunchStoryboardName = LaunchScreen;
				INFOPLIST_KEY_UIMainStoryboardFile = Main;
				INFOPLIST_KEY_UISupportedInterfaceOrientations_iPad = "UIInterfaceOrientationPortrait UIInterfaceOrientationPortraitUpsideDown UIInterfaceOrientationLandscapeLeft UIInterfaceOrientationLandscapeRight";
				INFOPLIST_KEY_UISupportedInterfaceOrientations_iPhone = "UIInterfaceOrientationPortrait UIInterfaceOrientationLandscapeLeft UIInterfaceOrientationLandscapeRight";
				LD_RUNPATH_SEARCH_PATHS = (
					"$(inherited)",
					"@executable_path/Frameworks",
				);
				MARKETING_VERSION = 1.0;
				PRODUCT_BUNDLE_IDENTIFIER = nekokichi.SakuMemo;
				PRODUCT_NAME = "$(TARGET_NAME)";
				SWIFT_EMIT_LOC_STRINGS = YES;
				SWIFT_VERSION = 5.0;
				TARGETED_DEVICE_FAMILY = "1,2";
			};
			name = Release;
		};
		A269BAA027A53524006944FC /* Debug */ = {
			isa = XCBuildConfiguration;
			buildSettings = {
				ASSETCATALOG_COMPILER_GLOBAL_ACCENT_COLOR_NAME = AccentColor;
				ASSETCATALOG_COMPILER_WIDGET_BACKGROUND_COLOR_NAME = WidgetBackground;
				CODE_SIGN_STYLE = Automatic;
				CURRENT_PROJECT_VERSION = 1;
				DEVELOPMENT_TEAM = B7VAC4V7M7;
				GENERATE_INFOPLIST_FILE = YES;
				INFOPLIST_FILE = MemoWidget/Info.plist;
				INFOPLIST_KEY_CFBundleDisplayName = MemoWidget;
				INFOPLIST_KEY_NSHumanReadableCopyright = "";
				LD_RUNPATH_SEARCH_PATHS = (
					"$(inherited)",
					"@executable_path/Frameworks",
					"@executable_path/../../Frameworks",
				);
				MARKETING_VERSION = 1.0;
				PRODUCT_BUNDLE_IDENTIFIER = nekokichi.SakuMemo.MemoWidget;
				PRODUCT_NAME = "$(TARGET_NAME)";
				SKIP_INSTALL = YES;
				SWIFT_EMIT_LOC_STRINGS = YES;
				SWIFT_VERSION = 5.0;
				TARGETED_DEVICE_FAMILY = "1,2";
			};
			name = Debug;
		};
		A269BAA127A53524006944FC /* Release */ = {
			isa = XCBuildConfiguration;
			buildSettings = {
				ASSETCATALOG_COMPILER_GLOBAL_ACCENT_COLOR_NAME = AccentColor;
				ASSETCATALOG_COMPILER_WIDGET_BACKGROUND_COLOR_NAME = WidgetBackground;
				CODE_SIGN_STYLE = Automatic;
				CURRENT_PROJECT_VERSION = 1;
				DEVELOPMENT_TEAM = B7VAC4V7M7;
				GENERATE_INFOPLIST_FILE = YES;
				INFOPLIST_FILE = MemoWidget/Info.plist;
				INFOPLIST_KEY_CFBundleDisplayName = MemoWidget;
				INFOPLIST_KEY_NSHumanReadableCopyright = "";
				LD_RUNPATH_SEARCH_PATHS = (
					"$(inherited)",
					"@executable_path/Frameworks",
					"@executable_path/../../Frameworks",
				);
				MARKETING_VERSION = 1.0;
				PRODUCT_BUNDLE_IDENTIFIER = nekokichi.SakuMemo.MemoWidget;
				PRODUCT_NAME = "$(TARGET_NAME)";
				SKIP_INSTALL = YES;
				SWIFT_EMIT_LOC_STRINGS = YES;
				SWIFT_VERSION = 5.0;
				TARGETED_DEVICE_FAMILY = "1,2";
			};
			name = Release;
		};
		A269BABA27A537F4006944FC /* Debug */ = {
			isa = XCBuildConfiguration;
			buildSettings = {
				CODE_SIGN_STYLE = Automatic;
				CURRENT_PROJECT_VERSION = 1;
				DEVELOPMENT_TEAM = B7VAC4V7M7;
				GENERATE_INFOPLIST_FILE = YES;
				INFOPLIST_FILE = MemoIntents/Info.plist;
				INFOPLIST_KEY_CFBundleDisplayName = MemoIntents;
				INFOPLIST_KEY_NSHumanReadableCopyright = "";
				LD_RUNPATH_SEARCH_PATHS = (
					"$(inherited)",
					"@executable_path/Frameworks",
					"@executable_path/../../Frameworks",
				);
				MARKETING_VERSION = 1.0;
				PRODUCT_BUNDLE_IDENTIFIER = nekokichi.SakuMemo.MemoIntents;
				PRODUCT_NAME = "$(TARGET_NAME)";
				SKIP_INSTALL = YES;
				SWIFT_EMIT_LOC_STRINGS = YES;
				SWIFT_VERSION = 5.0;
				TARGETED_DEVICE_FAMILY = "1,2";
			};
			name = Debug;
		};
		A269BABB27A537F4006944FC /* Release */ = {
			isa = XCBuildConfiguration;
			buildSettings = {
				CODE_SIGN_STYLE = Automatic;
				CURRENT_PROJECT_VERSION = 1;
				DEVELOPMENT_TEAM = B7VAC4V7M7;
				GENERATE_INFOPLIST_FILE = YES;
				INFOPLIST_FILE = MemoIntents/Info.plist;
				INFOPLIST_KEY_CFBundleDisplayName = MemoIntents;
				INFOPLIST_KEY_NSHumanReadableCopyright = "";
				LD_RUNPATH_SEARCH_PATHS = (
					"$(inherited)",
					"@executable_path/Frameworks",
					"@executable_path/../../Frameworks",
				);
				MARKETING_VERSION = 1.0;
				PRODUCT_BUNDLE_IDENTIFIER = nekokichi.SakuMemo.MemoIntents;
				PRODUCT_NAME = "$(TARGET_NAME)";
				SKIP_INSTALL = YES;
				SWIFT_EMIT_LOC_STRINGS = YES;
				SWIFT_VERSION = 5.0;
				TARGETED_DEVICE_FAMILY = "1,2";
			};
			name = Release;
		};
/* End XCBuildConfiguration section */

/* Begin XCConfigurationList section */
		A237FC8627970A730029C0FE /* Build configuration list for PBXProject "SakuMemo" */ = {
			isa = XCConfigurationList;
			buildConfigurations = (
				A237FC9D27970A740029C0FE /* Debug */,
				A237FC9E27970A740029C0FE /* Release */,
			);
			defaultConfigurationIsVisible = 0;
			defaultConfigurationName = Release;
		};
		A237FC9F27970A740029C0FE /* Build configuration list for PBXNativeTarget "SakuMemo" */ = {
			isa = XCConfigurationList;
			buildConfigurations = (
				A237FCA027970A740029C0FE /* Debug */,
				A237FCA127970A740029C0FE /* Release */,
			);
			defaultConfigurationIsVisible = 0;
			defaultConfigurationName = Release;
		};
		A269BA9F27A53524006944FC /* Build configuration list for PBXNativeTarget "MemoWidgetExtension" */ = {
			isa = XCConfigurationList;
			buildConfigurations = (
				A269BAA027A53524006944FC /* Debug */,
				A269BAA127A53524006944FC /* Release */,
			);
			defaultConfigurationIsVisible = 0;
			defaultConfigurationName = Release;
		};
		A269BAB927A537F4006944FC /* Build configuration list for PBXNativeTarget "MemoIntents" */ = {
			isa = XCConfigurationList;
			buildConfigurations = (
				A269BABA27A537F4006944FC /* Debug */,
				A269BABB27A537F4006944FC /* Release */,
			);
			defaultConfigurationIsVisible = 0;
			defaultConfigurationName = Release;
		};
/* End XCConfigurationList section */

/* Begin XCRemoteSwiftPackageReference section */
		A237FCA327970FAF0029C0FE /* XCRemoteSwiftPackageReference "FloatingPanel" */ = {
			isa = XCRemoteSwiftPackageReference;
			repositoryURL = "https://github.com/scenee/FloatingPanel";
			requirement = {
				kind = upToNextMajorVersion;
				minimumVersion = 2.0.0;
			};
		};
		A237FCA8279803070029C0FE /* XCRemoteSwiftPackageReference "realm-swift" */ = {
			isa = XCRemoteSwiftPackageReference;
			repositoryURL = "https://github.com/realm/realm-swift.git";
			requirement = {
				branch = master;
				kind = branch;
			};
		};
/* End XCRemoteSwiftPackageReference section */

/* Begin XCSwiftPackageProductDependency section */
		A237FCA427970FAF0029C0FE /* FloatingPanel */ = {
			isa = XCSwiftPackageProductDependency;
			package = A237FCA327970FAF0029C0FE /* XCRemoteSwiftPackageReference "FloatingPanel" */;
			productName = FloatingPanel;
		};
		A237FCA9279803070029C0FE /* Realm */ = {
			isa = XCSwiftPackageProductDependency;
			package = A237FCA8279803070029C0FE /* XCRemoteSwiftPackageReference "realm-swift" */;
			productName = Realm;
		};
		A237FCAB279803070029C0FE /* RealmSwift */ = {
			isa = XCSwiftPackageProductDependency;
			package = A237FCA8279803070029C0FE /* XCRemoteSwiftPackageReference "realm-swift" */;
			productName = RealmSwift;
		};
		A269BAA227A5353C006944FC /* FloatingPanel */ = {
			isa = XCSwiftPackageProductDependency;
			package = A237FCA327970FAF0029C0FE /* XCRemoteSwiftPackageReference "FloatingPanel" */;
			productName = FloatingPanel;
		};
		A269BAA427A5353C006944FC /* Realm */ = {
			isa = XCSwiftPackageProductDependency;
			package = A237FCA8279803070029C0FE /* XCRemoteSwiftPackageReference "realm-swift" */;
			productName = Realm;
		};
		A269BAA627A5353C006944FC /* RealmSwift */ = {
			isa = XCSwiftPackageProductDependency;
			package = A237FCA8279803070029C0FE /* XCRemoteSwiftPackageReference "realm-swift" */;
			productName = RealmSwift;
		};
/* End XCSwiftPackageProductDependency section */
	};
	rootObject = A237FC8327970A730029C0FE /* Project object */;
}
